
Microsoft Visual Studio Solution File, Format Version 12.00
# Visual Studio Version 17
VisualStudioVersion = 17.5.33502.453
MinimumVisualStudioVersion = 10.0.40219.1
Project("{9A19103F-16F7-4668-BE54-9A1E7A4F7556}") = "NullObjectDesignPattern.Console", "NullObjectDesignPattern.Console\NullObjectDesignPattern.Console.csproj", "{16683AB2-4015-4AC0-B982-2A6002A7C027}"
EndProject
Project("{FAE04EC0-301F-11D3-BF4B-00C04F79EFBC}") = "NullObjectDesignPattern.Test", "NullObjectDesignPattern.Test\NullObjectDesignPattern.Test.csproj", "{BEFBA4C3-52AF-437A-8FC6-C2E589675564}"
EndProject
Global
	GlobalSection(SolutionConfigurationPlatforms) = preSolution
		Debug|Any CPU = Debug|Any CPU
		Release|Any CPU = Release|Any CPU
	EndGlobalSection
	GlobalSection(ProjectConfigurationPlatforms) = postSolution
		{16683AB2-4015-4AC0-B982-2A6002A7C027}.Debug|Any CPU.ActiveCfg = Debug|Any CPU
		{16683AB2-4015-4AC0-B982-2A6002A7C027}.Debug|Any CPU.Build.0 = Debug|Any CPU
		{16683AB2-4015-4AC0-B982-2A6002A7C027}.Release|Any CPU.ActiveCfg = Release|Any CPU
		{16683AB2-4015-4AC0-B982-2A6002A7C027}.Release|Any CPU.Build.0 = Release|Any CPU
		{BEFBA4C3-52AF-437A-8FC6-C2E589675564}.Debug|Any CPU.ActiveCfg = Debug|Any CPU
		{BEFBA4C3-52AF-437A-8FC6-C2E589675564}.Debug|Any CPU.Build.0 = Debug|Any CPU
		{BEFBA4C3-52AF-437A-8FC6-C2E589675564}.Release|Any CPU.ActiveCfg = Release|Any CPU
		{BEFBA4C3-52AF-437A-8FC6-C2E589675564}.Release|Any CPU.Build.0 = Release|Any CPU
	EndGlobalSection
	GlobalSection(SolutionProperties) = preSolution
		HideSolutionNode = FALSE
	EndGlobalSection
	GlobalSection(ExtensibilityGlobals) = postSolution
		SolutionGuid = {0491509C-BD78-444B-9824-6A5CE02DD14E}
	EndGlobalSection
EndGlobal
